{
  "object": {
    "pins": [
      {
        "package": "SwiftCharts",
        "repositoryURL": "https://github.com/ps2/SwiftCharts.git",
        "state": {
          "branch": "uikit-explicit",
          "revision": "cf35cdba4e344fa1fac93051449669b0d91c32d7",
          "version": null
        }
      }
    ]
  },
  "version": 1
}
